
Microsoft Visual Studio Solution File, Format Version 12.00
# Visual Studio 15
VisualStudioVersion = 15.0.28307.1267
MinimumVisualStudioVersion = 10.0.40219.1
Project("{8BC9CEB8-8B4A-11D0-8D11-00A0C91BC942}") = "libraryASM", "libraryASM\libraryASM.vcxproj", "{317C3B16-AABC-45B1-A75C-8F28F47F9308}"
EndProject
Project("{8BC9CEB8-8B4A-11D0-8D11-00A0C91BC942}") = "libraryC", "libraryC\libraryC.vcxproj", "{3185EA6E-F912-468D-B82D-6A07D005288D}"
EndProject
Project("{8BC9CEB8-8B4A-11D0-8D11-00A0C91BC942}") = "filterWAV", "filterWAV\filterWAV.vcxproj", "{2EB0B0B5-73AC-40EF-B2A9-1EF3DEA7F64E}"
	ProjectSection(ProjectDependencies) = postProject
		{317C3B16-AABC-45B1-A75C-8F28F47F9308} = {317C3B16-AABC-45B1-A75C-8F28F47F9308}
		{3185EA6E-F912-468D-B82D-6A07D005288D} = {3185EA6E-F912-468D-B82D-6A07D005288D}
	EndProjectSection
EndProject
Global
	GlobalSection(SolutionConfigurationPlatforms) = preSolution
		Debug|Any CPU = Debug|Any CPU
		Debug|x64 = Debug|x64
		Debug|x86 = Debug|x86
		Release|Any CPU = Release|Any CPU
		Release|x64 = Release|x64
		Release|x86 = Release|x86
	EndGlobalSection
	GlobalSection(ProjectConfigurationPlatforms) = postSolution
		{317C3B16-AABC-45B1-A75C-8F28F47F9308}.Debug|Any CPU.ActiveCfg = Debug|Win32
		{317C3B16-AABC-45B1-A75C-8F28F47F9308}.Debug|x64.ActiveCfg = Debug|Win32
		{317C3B16-AABC-45B1-A75C-8F28F47F9308}.Debug|x64.Build.0 = Debug|Win32
		{317C3B16-AABC-45B1-A75C-8F28F47F9308}.Debug|x86.ActiveCfg = Debug|Win32
		{317C3B16-AABC-45B1-A75C-8F28F47F9308}.Debug|x86.Build.0 = Debug|Win32
		{317C3B16-AABC-45B1-A75C-8F28F47F9308}.Release|Any CPU.ActiveCfg = Debug|Win32
		{317C3B16-AABC-45B1-A75C-8F28F47F9308}.Release|Any CPU.Build.0 = Debug|Win32
		{317C3B16-AABC-45B1-A75C-8F28F47F9308}.Release|x64.ActiveCfg = Release|x64
		{317C3B16-AABC-45B1-A75C-8F28F47F9308}.Release|x64.Build.0 = Release|x64
		{317C3B16-AABC-45B1-A75C-8F28F47F9308}.Release|x86.ActiveCfg = Release|Win32
		{317C3B16-AABC-45B1-A75C-8F28F47F9308}.Release|x86.Build.0 = Release|Win32
		{3185EA6E-F912-468D-B82D-6A07D005288D}.Debug|Any CPU.ActiveCfg = Debug|Win32
		{3185EA6E-F912-468D-B82D-6A07D005288D}.Debug|x64.ActiveCfg = Debug|Win32
		{3185EA6E-F912-468D-B82D-6A07D005288D}.Debug|x64.Build.0 = Debug|Win32
		{3185EA6E-F912-468D-B82D-6A07D005288D}.Debug|x86.ActiveCfg = Debug|Win32
		{3185EA6E-F912-468D-B82D-6A07D005288D}.Debug|x86.Build.0 = Debug|Win32
		{3185EA6E-F912-468D-B82D-6A07D005288D}.Release|Any CPU.ActiveCfg = Release|Win32
		{3185EA6E-F912-468D-B82D-6A07D005288D}.Release|Any CPU.Build.0 = Release|Win32
		{3185EA6E-F912-468D-B82D-6A07D005288D}.Release|x64.ActiveCfg = Release|x64
		{3185EA6E-F912-468D-B82D-6A07D005288D}.Release|x64.Build.0 = Release|x64
		{3185EA6E-F912-468D-B82D-6A07D005288D}.Release|x86.ActiveCfg = Release|Win32
		{3185EA6E-F912-468D-B82D-6A07D005288D}.Release|x86.Build.0 = Release|Win32
		{2EB0B0B5-73AC-40EF-B2A9-1EF3DEA7F64E}.Debug|Any CPU.ActiveCfg = Debug|Win32
		{2EB0B0B5-73AC-40EF-B2A9-1EF3DEA7F64E}.Debug|Any CPU.Build.0 = Debug|Win32
		{2EB0B0B5-73AC-40EF-B2A9-1EF3DEA7F64E}.Debug|x64.ActiveCfg = Debug|Win32
		{2EB0B0B5-73AC-40EF-B2A9-1EF3DEA7F64E}.Debug|x64.Build.0 = Debug|Win32
		{2EB0B0B5-73AC-40EF-B2A9-1EF3DEA7F64E}.Debug|x86.ActiveCfg = Debug|Win32
		{2EB0B0B5-73AC-40EF-B2A9-1EF3DEA7F64E}.Debug|x86.Build.0 = Debug|Win32
		{2EB0B0B5-73AC-40EF-B2A9-1EF3DEA7F64E}.Release|Any CPU.ActiveCfg = Release|Win32
		{2EB0B0B5-73AC-40EF-B2A9-1EF3DEA7F64E}.Release|Any CPU.Build.0 = Release|Win32
		{2EB0B0B5-73AC-40EF-B2A9-1EF3DEA7F64E}.Release|x64.ActiveCfg = Release|x64
		{2EB0B0B5-73AC-40EF-B2A9-1EF3DEA7F64E}.Release|x64.Build.0 = Release|x64
		{2EB0B0B5-73AC-40EF-B2A9-1EF3DEA7F64E}.Release|x86.ActiveCfg = Release|Win32
		{2EB0B0B5-73AC-40EF-B2A9-1EF3DEA7F64E}.Release|x86.Build.0 = Release|Win32
	EndGlobalSection
	GlobalSection(SolutionProperties) = preSolution
		HideSolutionNode = FALSE
	EndGlobalSection
	GlobalSection(ExtensibilityGlobals) = postSolution
		SolutionGuid = {FB895612-5B95-49DF-99BE-CE451BF6F00D}
	EndGlobalSection
EndGlobal
